{
  "name": "libretto-monorepo",
  "lockfileVersion": 3,
  "requires": true,
  "packages": {
    "": {
      "name": "libretto-monorepo",
      "devDependencies": {
        "@ai-sdk/anthropic": "^3.0.58",
        "@ai-sdk/google": "^3.0.51",
        "@ai-sdk/google-vertex": "^4.0.80",
        "@ai-sdk/openai": "^3.0.41",
        "turbo": "^2.8.20"
      }
    },
    "../../node_modules/.pnpm/@ai-sdk+anthropic@3.0.58_zod@4.3.6/node_modules/@ai-sdk/anthropic": {
      "version": "3.0.58",
      "dev": true,
      "license": "Apache-2.0",
      "dependencies": {
        "@ai-sdk/provider": "3.0.8",
        "@ai-sdk/provider-utils": "4.0.19"
      },
      "devDependencies": {
        "@ai-sdk/test-server": "1.0.3",
        "@types/node": "20.17.24",
        "@vercel/ai-tsconfig": "0.0.0",
        "tsup": "^8",
        "typescript": "5.8.3",
        "zod": "3.25.76"
      },
      "engines": {
        "node": ">=18"
      },
      "peerDependencies": {
        "zod": "^3.25.76 || ^4.1.8"
      }
    },
    "../../node_modules/.pnpm/@ai-sdk+google-vertex@4.0.80_zod@4.3.6/node_modules/@ai-sdk/google-vertex": {
      "version": "4.0.80",
      "dev": true,
      "license": "Apache-2.0",
      "dependencies": {
        "@ai-sdk/anthropic": "3.0.58",
        "@ai-sdk/google": "3.0.43",
        "@ai-sdk/provider": "3.0.8",
        "@ai-sdk/provider-utils": "4.0.19",
        "google-auth-library": "^10.5.0"
      },
      "devDependencies": {
        "@ai-sdk/test-server": "1.0.3",
        "@types/node": "20.17.24",
        "@vercel/ai-tsconfig": "0.0.0",
        "tsup": "^8",
        "typescript": "5.8.3",
        "zod": "3.25.76"
      },
      "engines": {
        "node": ">=18"
      },
      "peerDependencies": {
        "zod": "^3.25.76 || ^4.1.8"
      }
    },
    "../../node_modules/.pnpm/@ai-sdk+google@3.0.51_zod@4.3.6/node_modules/@ai-sdk/google": {
      "version": "3.0.51",
      "dev": true,
      "license": "Apache-2.0",
      "dependencies": {
        "@ai-sdk/provider": "3.0.8",
        "@ai-sdk/provider-utils": "4.0.20"
      },
      "devDependencies": {
        "@ai-sdk/test-server": "1.0.3",
        "@types/node": "20.17.24",
        "@vercel/ai-tsconfig": "0.0.0",
        "tsup": "^8",
        "typescript": "5.8.3",
        "zod": "3.25.76"
      },
      "engines": {
        "node": ">=18"
      },
      "peerDependencies": {
        "zod": "^3.25.76 || ^4.1.8"
      }
    },
    "../../node_modules/.pnpm/@ai-sdk+openai@3.0.41_zod@4.3.6/node_modules/@ai-sdk/openai": {
      "version": "3.0.41",
      "dev": true,
      "license": "Apache-2.0",
      "dependencies": {
        "@ai-sdk/provider": "3.0.8",
        "@ai-sdk/provider-utils": "4.0.19"
      },
      "devDependencies": {
        "@ai-sdk/test-server": "1.0.3",
        "@types/node": "20.17.24",
        "@vercel/ai-tsconfig": "0.0.0",
        "tsup": "^8",
        "typescript": "5.8.3",
        "zod": "3.25.76"
      },
      "engines": {
        "node": ">=18"
      },
      "peerDependencies": {
        "zod": "^3.25.76 || ^4.1.8"
      }
    },
    "../../node_modules/.pnpm/turbo@2.8.21/node_modules/turbo": {
      "version": "2.8.21",
      "dev": true,
      "license": "MIT",
      "bin": {
        "turbo": "bin/turbo"
      },
      "optionalDependencies": {
        "@turbo/darwin-64": "2.8.21",
        "@turbo/darwin-arm64": "2.8.21",
        "@turbo/linux-64": "2.8.21",
        "@turbo/linux-arm64": "2.8.21",
        "@turbo/windows-64": "2.8.21",
        "@turbo/windows-arm64": "2.8.21"
      }
    },
    "node_modules/@ai-sdk/anthropic": {
      "resolved": "../../node_modules/.pnpm/@ai-sdk+anthropic@3.0.58_zod@4.3.6/node_modules/@ai-sdk/anthropic",
      "link": true
    },
    "node_modules/@ai-sdk/google": {
      "resolved": "../../node_modules/.pnpm/@ai-sdk+google@3.0.51_zod@4.3.6/node_modules/@ai-sdk/google",
      "link": true
    },
    "node_modules/@ai-sdk/google-vertex": {
      "resolved": "../../node_modules/.pnpm/@ai-sdk+google-vertex@4.0.80_zod@4.3.6/node_modules/@ai-sdk/google-vertex",
      "link": true
    },
    "node_modules/@ai-sdk/openai": {
      "resolved": "../../node_modules/.pnpm/@ai-sdk+openai@3.0.41_zod@4.3.6/node_modules/@ai-sdk/openai",
      "link": true
    },
    "node_modules/turbo": {
      "resolved": "../../node_modules/.pnpm/turbo@2.8.21/node_modules/turbo",
      "link": true
    }
  }
}
