{
  "name": "glimpse-changes",
  "lockfileVersion": 3,
  "requires": true,
  "packages": {
    "": {
      "dependencies": {
        "glimpseui": "^0.8.0"
      }
    },
    "node_modules/glimpseui": {
      "version": "0.8.0",
      "resolved": "https://registry.npmjs.org/glimpseui/-/glimpseui-0.8.0.tgz",
      "integrity": "sha512-trpEKiULW9sGjsLqtSH/+hMPcohvq3tkN6yM55t0WIgTsHt53+HXVTMf5ipy/w+kXbkbC/XP7DSRvzZC+E8xig==",
      "hasInstallScript": true,
      "license": "MIT",
      "os": [
        "darwin",
        "linux",
        "win32"
      ],
      "bin": {
        "glimpseui": "bin/glimpse.mjs"
      },
      "engines": {
        "node": ">=18"
      }
    }
  }
}
